// !$*UTF8*$!
{
	archiveVersion = 1;
	classes = {
	};
	objectVersion = 50;
	objects = {

/* Begin PBXBuildFile section */
		AE169CC22455462E0091560F /* AppDelegate.swift in Sources */ = {isa = PBXBuildFile; fileRef = AE169CC12455462E0091560F /* AppDelegate.swift */; };
		AE169CC42455462E0091560F /* ViewController.swift in Sources */ = {isa = PBXBuildFile; fileRef = AE169CC32455462E0091560F /* ViewController.swift */; };
		AE169CC72455462E0091560F /* Main.storyboard in Resources */ = {isa = PBXBuildFile; fileRef = AE169CC52455462E0091560F /* Main.storyboard */; };
		AE169CC9245546320091560F /* Assets.xcassets in Resources */ = {isa = PBXBuildFile; fileRef = AE169CC8245546320091560F /* Assets.xcassets */; };
		AE169CCC245546320091560F /* LaunchScreen.storyboard in Resources */ = {isa = PBXBuildFile; fileRef = AE169CCA245546320091560F /* LaunchScreen.storyboard */; };
		AE169CD7245546330091560F /* testeTests.swift in Sources */ = {isa = PBXBuildFile; fileRef = AE169CD6245546330091560F /* testeTests.swift */; };
		AE169CE2245546330091560F /* testeUITests.swift in Sources */ = {isa = PBXBuildFile; fileRef = AE169CE1245546330091560F /* testeUITests.swift */; };
/* End PBXBuildFile section */

/* Begin PBXContainerItemProxy section */
		AE169CD3245546330091560F /* PBXContainerItemProxy */ = {
			isa = PBXContainerItemProxy;
			containerPortal = AE169CB62455462E0091560F /* Project object */;
			proxyType = 1;
			remoteGlobalIDString = AE169CBD2455462E0091560F;
			remoteInfo = teste;
		};
		AE169CDE245546330091560F /* PBXContainerItemProxy */ = {
			isa = PBXContainerItemProxy;
			containerPortal = AE169CB62455462E0091560F /* Project object */;
			proxyType = 1;
			remoteGlobalIDString = AE169CBD2455462E0091560F;
			remoteInfo = teste;
		};
/* End PBXContainerItemProxy section */

/* Begin PBXFileReference section */
		AE169CBE2455462E0091560F /* teste.app */ = {isa = PBXFileReference; explicitFileType = wrapper.application; includeInIndex = 0; path = teste.app; sourceTree = BUILT_PRODUCTS_DIR; };
		AE169CC12455462E0091560F /* AppDelegate.swift */ = {isa = PBXFileReference; lastKnownFileType = sourcecode.swift; path = AppDelegate.swift; sourceTree = "<group>"; };
		AE169CC32455462E0091560F /* ViewController.swift */ = {isa = PBXFileReference; lastKnownFileType = sourcecode.swift; path = ViewController.swift; sourceTree = "<group>"; };
		AE169CC62455462E0091560F /* Base */ = {isa = PBXFileReference; lastKnownFileType = file.storyboard; name = Base; path = Base.lproj/Main.storyboard; sourceTree = "<group>"; };
		AE169CC8245546320091560F /* Assets.xcassets */ = {isa = PBXFileReference; lastKnownFileType = folder.assetcatalog; path = Assets.xcassets; sourceTree = "<group>"; };
		AE169CCB245546320091560F /* Base */ = {isa = PBXFileReference; lastKnownFileType = file.storyboard; name = Base; path = Base.lproj/LaunchScreen.storyboard; sourceTree = "<group>"; };
		AE169CCD245546330091560F /* Info.plist */ = {isa = PBXFileReference; lastKnownFileType = text.plist.xml; path = Info.plist; sourceTree = "<group>"; };
		AE169CD2245546330091560F /* testeTests.xctest */ = {isa = PBXFileReference; explicitFileType = wrapper.cfbundle; includeInIndex = 0; path = testeTests.xctest; sourceTree = BUILT_PRODUCTS_DIR; };
		AE169CD6245546330091560F /* testeTests.swift */ = {isa = PBXFileReference; lastKnownFileType = sourcecode.swift; path = testeTests.swift; sourceTree = "<group>"; };
		AE169CD8245546330091560F /* Info.plist */ = {isa = PBXFileReference; lastKnownFileType = text.plist.xml; path = Info.plist; sourceTree = "<group>"; };
		AE169CDD245546330091560F /* testeUITests.xctest */ = {isa = PBXFileReference; explicitFileType = wrapper.cfbundle; includeInIndex = 0; path = testeUITests.xctest; sourceTree = BUILT_PRODUCTS_DIR; };
		AE169CE1245546330091560F /* testeUITests.swift */ = {isa = PBXFileReference; lastKnownFileType = sourcecode.swift; path = testeUITests.swift; sourceTree = "<group>"; };
		AE169CE3245546330091560F /* Info.plist */ = {isa = PBXFileReference; lastKnownFileType = text.plist.xml; path = Info.plist; sourceTree = "<group>"; };
/* End PBXFileReference section */

/* Begin PBXFrameworksBuildPhase section */
		AE169CBB2455462E0091560F /* Frameworks */ = {
			isa = PBXFrameworksBuildPhase;
			buildActionMask = 2147483647;
			files = (
			);
			runOnlyForDeploymentPostprocessing = 0;
		};
		AE169CCF245546330091560F /* Frameworks */ = {
			isa = PBXFrameworksBuildPhase;
			buildActionMask = 2147483647;
			files = (
			);
			runOnlyForDeploymentPostprocessing = 0;
		};
		AE169CDA245546330091560F /* Frameworks */ = {
			isa = PBXFrameworksBuildPhase;
			buildActionMask = 2147483647;
			files = (
			);
			runOnlyForDeploymentPostprocessing = 0;
		};
/* End PBXFrameworksBuildPhase section */

/* Begin PBXGroup section */
		AE169CB52455462E0091560F = {
			isa = PBXGroup;
			children = (
				AE169CC02455462E0091560F /* teste */,
				AE169CD5245546330091560F /* testeTests */,
				AE169CE0245546330091560F /* testeUITests */,
				AE169CBF2455462E0091560F /* Products */,
			);
			sourceTree = "<group>";
		};
		AE169CBF2455462E0091560F /* Products */ = {
			isa = PBXGroup;
			children = (
				AE169CBE2455462E0091560F /* teste.app */,
				AE169CD2245546330091560F /* testeTests.xctest */,
				AE169CDD245546330091560F /* testeUITests.xctest */,
			);
			name = Products;
			sourceTree = "<group>";
		};
		AE169CC02455462E0091560F /* teste */ = {
			isa = PBXGroup;
			children = (
				AE169CC12455462E0091560F /* AppDelegate.swift */,
				AE169CC32455462E0091560F /* ViewController.swift */,
				AE169CC52455462E0091560F /* Main.storyboard */,
				AE169CC8245546320091560F /* Assets.xcassets */,
				AE169CCA245546320091560F /* LaunchScreen.storyboard */,
				AE169CCD245546330091560F /* Info.plist */,
			);
			path = teste;
			sourceTree = "<group>";
		};
		AE169CD5245546330091560F /* testeTests */ = {
			isa = PBXGroup;
			children = (
				AE169CD6245546330091560F /* testeTests.swift */,
				AE169CD8245546330091560F /* Info.plist */,
			);
			path = testeTests;
			sourceTree = "<group>";
		};
		AE169CE0245546330091560F /* testeUITests */ = {
			isa = PBXGroup;
			children = (
				AE169CE1245546330091560F /* testeUITests.swift */,
				AE169CE3245546330091560F /* Info.plist */,
			);
			path = testeUITests;
			sourceTree = "<group>";
		};
/* End PBXGroup section */

/* Begin PBXNativeTarget section */
		AE169CBD2455462E0091560F /* teste */ = {
			isa = PBXNativeTarget;
			buildConfigurationList = AE169CE6245546330091560F /* Build configuration list for PBXNativeTarget "teste" */;
			buildPhases = (
				AE169CBA2455462E0091560F /* Sources */,
				AE169CBB2455462E0091560F /* Frameworks */,
				AE169CBC2455462E0091560F /* Resources */,
			);
			buildRules = (
			);
			dependencies = (
			);
			name = teste;
			productName = teste;
			productReference = AE169CBE2455462E0091560F /* teste.app */;
			productType = "com.apple.product-type.application";
		};
		AE169CD1245546330091560F /* testeTests */ = {
			isa = PBXNativeTarget;
			buildConfigurationList = AE169CE9245546330091560F /* Build configuration list for PBXNativeTarget "testeTests" */;
			buildPhases = (
				AE169CCE245546330091560F /* Sources */,
				AE169CCF245546330091560F /* Frameworks */,
				AE169CD0245546330091560F /* Resources */,
			);
			buildRules = (
			);
			dependencies = (
				AE169CD4245546330091560F /* PBXTargetDependency */,
			);
			name = testeTests;
			productName = testeTests;
			productReference = AE169CD2245546330091560F /* testeTests.xctest */;
			productType = "com.apple.product-type.bundle.unit-test";
		};
		AE169CDC245546330091560F /* testeUITests */ = {
			isa = PBXNativeTarget;
			buildConfigurationList = AE169CEC245546330091560F /* Build configuration list for PBXNativeTarget "testeUITests" */;
			buildPhases = (
				AE169CD9245546330091560F /* Sources */,
				AE169CDA245546330091560F /* Frameworks */,
				AE169CDB245546330091560F /* Resources */,
			);
			buildRules = (
			);
			dependencies = (
				AE169CDF245546330091560F /* PBXTargetDependency */,
			);
			name = testeUITests;
			productName = testeUITests;
			productReference = AE169CDD245546330091560F /* testeUITests.xctest */;
			productType = "com.apple.product-type.bundle.ui-testing";
		};
/* End PBXNativeTarget section */

/* Begin PBXProject section */
		AE169CB62455462E0091560F /* Project object */ = {
			isa = PBXProject;
			attributes = {
				LastSwiftUpdateCheck = 1010;
				LastUpgradeCheck = 1010;
				ORGANIZATIONNAME = "Lorenzo Manica";
				TargetAttributes = {
					AE169CBD2455462E0091560F = {
						CreatedOnToolsVersion = 10.1;
					};
					AE169CD1245546330091560F = {
						CreatedOnToolsVersion = 10.1;
						TestTargetID = AE169CBD2455462E0091560F;
					};
					AE169CDC245546330091560F = {
						CreatedOnToolsVersion = 10.1;
						TestTargetID = AE169CBD2455462E0091560F;
					};
				};
			};
			buildConfigurationList = AE169CB92455462E0091560F /* Build configuration list for PBXProject "teste" */;
			compatibilityVersion = "Xcode 9.3";
			developmentRegion = en;
			hasScannedForEncodings = 0;
			knownRegions = (
				en,
				Base,
			);
			mainGroup = AE169CB52455462E0091560F;
			productRefGroup = AE169CBF2455462E0091560F /* Products */;
			projectDirPath = "";
			projectRoot = "";
			targets = (
				AE169CBD2455462E0091560F /* teste */,
				AE169CD1245546330091560F /* testeTests */,
				AE169CDC245546330091560F /* testeUITests */,
			);
		};
/* End PBXProject section */

/* Begin PBXResourcesBuildPhase section */
		AE169CBC2455462E0091560F /* Resources */ = {
			isa = PBXResourcesBuildPhase;
			buildActionMask = 2147483647;
			files = (
				AE169CCC245546320091560F /* LaunchScreen.storyboard in Resources */,
				AE169CC9245546320091560F /* Assets.xcassets in Resources */,
				AE169CC72455462E0091560F /* Main.storyboard in Resources */,
			);
			runOnlyForDeploymentPostprocessing = 0;
		};
		AE169CD0245546330091560F /* Resources */ = {
			isa = PBXResourcesBuildPhase;
			buildActionMask = 2147483647;
			files = (
			);
			runOnlyForDeploymentPostprocessing = 0;
		};
		AE169CDB245546330091560F /* Resources */ = {
			isa = PBXResourcesBuildPhase;
			buildActionMask = 2147483647;
			files = (
			);
			runOnlyForDeploymentPostprocessing = 0;
		};
/* End PBXResourcesBuildPhase section */

/* Begin PBXSourcesBuildPhase section */
		AE169CBA2455462E0091560F /* Sources */ = {
			isa = PBXSourcesBuildPhase;
			buildActionMask = 2147483647;
			files = (
				AE169CC42455462E0091560F /* ViewController.swift in Sources */,
				AE169CC22455462E0091560F /* AppDelegate.swift in Sources */,
			);
			runOnlyForDeploymentPostprocessing = 0;
		};
		AE169CCE245546330091560F /* Sources */ = {
			isa = PBXSourcesBuildPhase;
			buildActionMask = 2147483647;
			files = (
				AE169CD7245546330091560F /* testeTests.swift in Sources */,
			);
			runOnlyForDeploymentPostprocessing = 0;
		};
		AE169CD9245546330091560F /* Sources */ = {
			isa = PBXSourcesBuildPhase;
			buildActionMask = 2147483647;
			files = (
				AE169CE2245546330091560F /* testeUITests.swift in Sources */,
			);
			runOnlyForDeploymentPostprocessing = 0;
		};
/* End PBXSourcesBuildPhase section */

/* Begin PBXTargetDependency section */
		AE169CD4245546330091560F /* PBXTargetDependency */ = {
			isa = PBXTargetDependency;
			target = AE169CBD2455462E0091560F /* teste */;
			targetProxy = AE169CD3245546330091560F /* PBXContainerItemProxy */;
		};
		AE169CDF245546330091560F /* PBXTargetDependency */ = {
			isa = PBXTargetDependency;
			target = AE169CBD2455462E0091560F /* teste */;
			targetProxy = AE169CDE245546330091560F /* PBXContainerItemProxy */;
		};
/* End PBXTargetDependency section */

/* Begin PBXVariantGroup section */
		AE169CC52455462E0091560F /* Main.storyboard */ = {
			isa = PBXVariantGroup;
			children = (
				AE169CC62455462E0091560F /* Base */,
			);
			name = Main.storyboard;
			sourceTree = "<group>";
		};
		AE169CCA245546320091560F /* LaunchScreen.storyboard */ = {
			isa = PBXVariantGroup;
			children = (
				AE169CCB245546320091560F /* Base */,
			);
			name = LaunchScreen.storyboard;
			sourceTree = "<group>";
		};
/* End PBXVariantGroup section */

/* Begin XCBuildConfiguration section */
		AE169CE4245546330091560F /* Debug */ = {
			isa = XCBuildConfiguration;
			buildSettings = {
				ALWAYS_SEARCH_USER_PATHS = NO;
				CLANG_ANALYZER_NONNULL = YES;
				CLANG_ANALYZER_NUMBER_OBJECT_CONVERSION = YES_AGGRESSIVE;
				CLANG_CXX_LANGUAGE_STANDARD = "gnu++14";
				CLANG_CXX_LIBRARY = "libc++";
				CLANG_ENABLE_MODULES = YES;
				CLANG_ENABLE_OBJC_ARC = YES;
				CLANG_ENABLE_OBJC_WEAK = YES;
				CLANG_WARN_BLOCK_CAPTURE_AUTORELEASING = YES;
				CLANG_WARN_BOOL_CONVERSION = YES;
				CLANG_WARN_COMMA = YES;
				CLANG_WARN_CONSTANT_CONVERSION = YES;
				CLANG_WARN_DEPRECATED_OBJC_IMPLEMENTATIONS = YES;
				CLANG_WARN_DIRECT_OBJC_ISA_USAGE = YES_ERROR;
				CLANG_WARN_DOCUMENTATION_COMMENTS = YES;
				CLANG_WARN_EMPTY_BODY = YES;
				CLANG_WARN_ENUM_CONVERSION = YES;
				CLANG_WARN_INFINITE_RECURSION = YES;
				CLANG_WARN_INT_CONVERSION = YES;
				CLANG_WARN_NON_LITERAL_NULL_CONVERSION = YES;
				CLANG_WARN_OBJC_IMPLICIT_RETAIN_SELF = YES;
				CLANG_WARN_OBJC_LITERAL_CONVERSION = YES;
				CLANG_WARN_OBJC_ROOT_CLASS = YES_ERROR;
				CLANG_WARN_RANGE_LOOP_ANALYSIS = YES;
				CLANG_WARN_STRICT_PROTOTYPES = YES;
				CLANG_WARN_SUSPICIOUS_MOVE = YES;
				CLANG_WARN_UNGUARDED_AVAILABILITY = YES_AGGRESSIVE;
				CLANG_WARN_UNREACHABLE_CODE = YES;
				CLANG_WARN__DUPLICATE_METHOD_MATCH = YES;
				CODE_SIGN_IDENTITY = "iPhone Developer";
				COPY_PHASE_STRIP = NO;
				DEBUG_INFORMATION_FORMAT = dwarf;
				ENABLE_STRICT_OBJC_MSGSEND = YES;
				ENABLE_TESTABILITY = YES;
				GCC_C_LANGUAGE_STANDARD = gnu11;
				GCC_DYNAMIC_NO_PIC = NO;
				GCC_NO_COMMON_BLOCKS = YES;
				GCC_OPTIMIZATION_LEVEL = 0;
				GCC_PREPROCESSOR_DEFINITIONS = (
					"DEBUG=1",
					"$(inherited)",
				);
				GCC_WARN_64_TO_32_BIT_CONVERSION = YES;
				GCC_WARN_ABOUT_RETURN_TYPE = YES_ERROR;
				GCC_WARN_UNDECLARED_SELECTOR = YES;
				GCC_WARN_UNINITIALIZED_AUTOS = YES_AGGRESSIVE;
				GCC_WARN_UNUSED_FUNCTION = YES;
				GCC_WARN_UNUSED_VARIABLE = YES;
				IPHONEOS_DEPLOYMENT_TARGET = 12.1;
				MTL_ENABLE_DEBUG_INFO = INCLUDE_SOURCE;
				MTL_FAST_MATH = YES;
				ONLY_ACTIVE_ARCH = YES;
				SDKROOT = iphoneos;
				SWIFT_ACTIVE_COMPILATION_CONDITIONS = DEBUG;
				SWIFT_OPTIMIZATION_LEVEL = "-Onone";
			};
			name = Debug;
		};
		AE169CE5245546330091560F /* Release */ = {
			isa = XCBuildConfiguration;
			buildSettings = {
				ALWAYS_SEARCH_USER_PATHS = NO;
				CLANG_ANALYZER_NONNULL = YES;
				CLANG_ANALYZER_NUMBER_OBJECT_CONVERSION = YES_AGGRESSIVE;
				CLANG_CXX_LANGUAGE_STANDARD = "gnu++14";
				CLANG_CXX_LIBRARY = "libc++";
				CLANG_ENABLE_MODULES = YES;
				CLANG_ENABLE_OBJC_ARC = YES;
				CLANG_ENABLE_OBJC_WEAK = YES;
				CLANG_WARN_BLOCK_CAPTURE_AUTORELEASING = YES;
				CLANG_WARN_BOOL_CONVERSION = YES;
				CLANG_WARN_COMMA = YES;
				CLANG_WARN_CONSTANT_CONVERSION = YES;
				CLANG_WARN_DEPRECATED_OBJC_IMPLEMENTATIONS = YES;
				CLANG_WARN_DIRECT_OBJC_ISA_USAGE = YES_ERROR;
				CLANG_WARN_DOCUMENTATION_COMMENTS = YES;
				CLANG_WARN_EMPTY_BODY = YES;
				CLANG_WARN_ENUM_CONVERSION = YES;
				CLANG_WARN_INFINITE_RECURSION = YES;
				CLANG_WARN_INT_CONVERSION = YES;
				CLANG_WARN_NON_LITERAL_NULL_CONVERSION = YES;
				CLANG_WARN_OBJC_IMPLICIT_RETAIN_SELF = YES;
				CLANG_WARN_OBJC_LITERAL_CONVERSION = YES;
				CLANG_WARN_OBJC_ROOT_CLASS = YES_ERROR;
				CLANG_WARN_RANGE_LOOP_ANALYSIS = YES;
				CLANG_WARN_STRICT_PROTOTYPES = YES;
				CLANG_WARN_SUSPICIOUS_MOVE = YES;
				CLANG_WARN_UNGUARDED_AVAILABILITY = YES_AGGRESSIVE;
				CLANG_WARN_UNREACHABLE_CODE = YES;
				CLANG_WARN__DUPLICATE_METHOD_MATCH = YES;
				CODE_SIGN_IDENTITY = "iPhone Developer";
				COPY_PHASE_STRIP = NO;
				DEBUG_INFORMATION_FORMAT = "dwarf-with-dsym";
				ENABLE_NS_ASSERTIONS = NO;
				ENABLE_STRICT_OBJC_MSGSEND = YES;
				GCC_C_LANGUAGE_STANDARD = gnu11;
				GCC_NO_COMMON_BLOCKS = YES;
				GCC_WARN_64_TO_32_BIT_CONVERSION = YES;
				GCC_WARN_ABOUT_RETURN_TYPE = YES_ERROR;
				GCC_WARN_UNDECLARED_SELECTOR = YES;
				GCC_WARN_UNINITIALIZED_AUTOS = YES_AGGRESSIVE;
				GCC_WARN_UNUSED_FUNCTION = YES;
				GCC_WARN_UNUSED_VARIABLE = YES;
				IPHONEOS_DEPLOYMENT_TARGET = 12.1;
				MTL_ENABLE_DEBUG_INFO = NO;
				MTL_FAST_MATH = YES;
				SDKROOT = iphoneos;
				SWIFT_COMPILATION_MODE = wholemodule;
				SWIFT_OPTIMIZATION_LEVEL = "-O";
				VALIDATE_PRODUCT = YES;
			};
			name = Release;
		};
		AE169CE7245546330091560F /* Debug */ = {
			isa = XCBuildConfiguration;
			buildSettings = {
				ASSETCATALOG_COMPILER_APPICON_NAME = AppIcon;
				CODE_SIGN_STYLE = Automatic;
				INFOPLIST_FILE = teste/Info.plist;
				LD_RUNPATH_SEARCH_PATHS = (
					"$(inherited)",
					"@executable_path/Frameworks",
				);
				PRODUCT_BUNDLE_IDENTIFIER = br.pro.lmit.teste;
				PRODUCT_NAME = "$(TARGET_NAME)";
				SWIFT_VERSION = 4.2;
				TARGETED_DEVICE_FAMILY = "1,2";
			};
			name = Debug;
		};
		AE169CE8245546330091560F /* Release */ = {
			isa = XCBuildConfiguration;
			buildSettings = {
				ASSETCATALOG_COMPILER_APPICON_NAME = AppIcon;
				CODE_SIGN_STYLE = Automatic;
				INFOPLIST_FILE = teste/Info.plist;
				LD_RUNPATH_SEARCH_PATHS = (
					"$(inherited)",
					"@executable_path/Frameworks",
				);
				PRODUCT_BUNDLE_IDENTIFIER = br.pro.lmit.teste;
				PRODUCT_NAME = "$(TARGET_NAME)";
				SWIFT_VERSION = 4.2;
				TARGETED_DEVICE_FAMILY = "1,2";
			};
			name = Release;
		};
		AE169CEA245546330091560F /* Debug */ = {
			isa = XCBuildConfiguration;
			buildSettings = {
				ALWAYS_EMBED_SWIFT_STANDARD_LIBRARIES = YES;
				BUNDLE_LOADER = "$(TEST_HOST)";
				CODE_SIGN_STYLE = Automatic;
				INFOPLIST_FILE = testeTests/Info.plist;
				LD_RUNPATH_SEARCH_PATHS = (
					"$(inherited)",
					"@executable_path/Frameworks",
					"@loader_path/Frameworks",
				);
				PRODUCT_BUNDLE_IDENTIFIER = br.pro.lmit.testeTests;
				PRODUCT_NAME = "$(TARGET_NAME)";
				SWIFT_VERSION = 4.2;
				TARGETED_DEVICE_FAMILY = "1,2";
				TEST_HOST = "$(BUILT_PRODUCTS_DIR)/teste.app/teste";
			};
			name = Debug;
		};
		AE169CEB245546330091560F /* Release */ = {
			isa = XCBuildConfiguration;
			buildSettings = {
				ALWAYS_EMBED_SWIFT_STANDARD_LIBRARIES = YES;
				BUNDLE_LOADER = "$(TEST_HOST)";
				CODE_SIGN_STYLE = Automatic;
				INFOPLIST_FILE = testeTests/Info.plist;
				LD_RUNPATH_SEARCH_PATHS = (
					"$(inherited)",
					"@executable_path/Frameworks",
					"@loader_path/Frameworks",
				);
				PRODUCT_BUNDLE_IDENTIFIER = br.pro.lmit.testeTests;
				PRODUCT_NAME = "$(TARGET_NAME)";
				SWIFT_VERSION = 4.2;
				TARGETED_DEVICE_FAMILY = "1,2";
				TEST_HOST = "$(BUILT_PRODUCTS_DIR)/teste.app/teste";
			};
			name = Release;
		};
		AE169CED245546330091560F /* Debug */ = {
			isa = XCBuildConfiguration;
			buildSettings = {
				ALWAYS_EMBED_SWIFT_STANDARD_LIBRARIES = YES;
				CODE_SIGN_STYLE = Automatic;
				INFOPLIST_FILE = testeUITests/Info.plist;
				LD_RUNPATH_SEARCH_PATHS = (
					"$(inherited)",
					"@executable_path/Frameworks",
					"@loader_path/Frameworks",
				);
				PRODUCT_BUNDLE_IDENTIFIER = br.pro.lmit.testeUITests;
				PRODUCT_NAME = "$(TARGET_NAME)";
				SWIFT_VERSION = 4.2;
				TARGETED_DEVICE_FAMILY = "1,2";
				TEST_TARGET_NAME = teste;
			};
			name = Debug;
		};
		AE169CEE245546330091560F /* Release */ = {
			isa = XCBuildConfiguration;
			buildSettings = {
				ALWAYS_EMBED_SWIFT_STANDARD_LIBRARIES = YES;
				CODE_SIGN_STYLE = Automatic;
				INFOPLIST_FILE = testeUITests/Info.plist;
				LD_RUNPATH_SEARCH_PATHS = (
					"$(inherited)",
					"@executable_path/Frameworks",
					"@loader_path/Frameworks",
				);
				PRODUCT_BUNDLE_IDENTIFIER = br.pro.lmit.testeUITests;
				PRODUCT_NAME = "$(TARGET_NAME)";
				SWIFT_VERSION = 4.2;
				TARGETED_DEVICE_FAMILY = "1,2";
				TEST_TARGET_NAME = teste;
			};
			name = Release;
		};
/* End XCBuildConfiguration section */

/* Begin XCConfigurationList section */
		AE169CB92455462E0091560F /* Build configuration list for PBXProject "teste" */ = {
			isa = XCConfigurationList;
			buildConfigurations = (
				AE169CE4245546330091560F /* Debug */,
				AE169CE5245546330091560F /* Release */,
			);
			defaultConfigurationIsVisible = 0;
			defaultConfigurationName = Release;
		};
		AE169CE6245546330091560F /* Build configuration list for PBXNativeTarget "teste" */ = {
			isa = XCConfigurationList;
			buildConfigurations = (
				AE169CE7245546330091560F /* Debug */,
				AE169CE8245546330091560F /* Release */,
			);
			defaultConfigurationIsVisible = 0;
			defaultConfigurationName = Release;
		};
		AE169CE9245546330091560F /* Build configuration list for PBXNativeTarget "testeTests" */ = {
			isa = XCConfigurationList;
			buildConfigurations = (
				AE169CEA245546330091560F /* Debug */,
				AE169CEB245546330091560F /* Release */,
			);
			defaultConfigurationIsVisible = 0;
			defaultConfigurationName = Release;
		};
		AE169CEC245546330091560F /* Build configuration list for PBXNativeTarget "testeUITests" */ = {
			isa = XCConfigurationList;
			buildConfigurations = (
				AE169CED245546330091560F /* Debug */,
				AE169CEE245546330091560F /* Release */,
			);
			defaultConfigurationIsVisible = 0;
			defaultConfigurationName = Release;
		};
/* End XCConfigurationList section */
	};
	rootObject = AE169CB62455462E0091560F /* Project object */;
}
